{
  "name": "neteasy-api",
  "version": "1.0.0",
  "lockfileVersion": 1,
  "requires": true,
  "dependencies": {
    "calendar": {
      "version": "github:pithyone/calendar.js#25673850f452c6305bdf57dcf618ecde6ae2f84f",
      "from": "github:pithyone/calendar.js"
    },
    "lodash.findindex": {
      "version": "4.6.0",
      "resolved": "https://r.cnpmjs.org/lodash.findindex/download/lodash.findindex-4.6.0.tgz",
      "integrity": "sha1-oyRd7mH7m24GJLU1ElYku2nBEQY="
    },
    "miniprogram-datepicker": {
      "version": "0.5.1",
      "resolved": "https://r.cnpmjs.org/miniprogram-datepicker/download/miniprogram-datepicker-0.5.1.tgz",
      "integrity": "sha1-YBzpsNa8jZy+Boj8kgY/v9Sm32Q=",
      "requires": {
        "calendar": "github:pithyone/calendar.js",
        "lodash.findindex": "^4.6.0"
      }
    },
    "vue": {
      "version": "2.6.14",
      "resolved": "https://r.cnpmjs.org/vue/download/vue-2.6.14.tgz",
      "integrity": "sha1-5RqlJQJQ1Wmj+606ilpofWA24jU="
    }
  }
}
